
Microsoft Visual Studio Solution File, Format Version 12.00
# Visual Studio Version 17
VisualStudioVersion = 17.5.002.0
MinimumVisualStudioVersion = 10.0.40219.1
Project("{9A19103F-16F7-4668-BE54-9A1E7A4F7556}") = "part1", "part1.csproj", "{DEEB2141-F1E2-4CAD-A5EE-522304735B56}"
EndProject
Global
	GlobalSection(SolutionConfigurationPlatforms) = preSolution
		Debug|Any CPU = Debug|Any CPU
		Release|Any CPU = Release|Any CPU
	EndGlobalSection
	GlobalSection(ProjectConfigurationPlatforms) = postSolution
		{DEEB2141-F1E2-4CAD-A5EE-522304735B56}.Debug|Any CPU.ActiveCfg = Debug|Any CPU
		{DEEB2141-F1E2-4CAD-A5EE-522304735B56}.Debug|Any CPU.Build.0 = Debug|Any CPU
		{DEEB2141-F1E2-4CAD-A5EE-522304735B56}.Release|Any CPU.ActiveCfg = Release|Any CPU
		{DEEB2141-F1E2-4CAD-A5EE-522304735B56}.Release|Any CPU.Build.0 = Release|Any CPU
	EndGlobalSection
	GlobalSection(SolutionProperties) = preSolution
		HideSolutionNode = FALSE
	EndGlobalSection
	GlobalSection(ExtensibilityGlobals) = postSolution
		SolutionGuid = {4688693A-954A-4086-B7D8-9B67380DB944}
	EndGlobalSection
EndGlobal
